
Microsoft Visual Studio Solution File, Format Version 12.00
# Visual Studio Version 16
VisualStudioVersion = 16.0.29102.190
MinimumVisualStudioVersion = 10.0.40219.1
Project("{FAE04EC0-301F-11D3-BF4B-00C04F79EFBC}") = "XamarinFormsGesture.UWP", "XamarinFormsGesture\XamarinFormsGesture.UWP\XamarinFormsGesture.UWP.csproj", "{10A7A26B-2E53-4483-B0FD-D4C5933C514D}"
EndProject
Project("{FAE04EC0-301F-11D3-BF4B-00C04F79EFBC}") = "XamarinFormsGesture.Android", "XamarinFormsGesture\XamarinFormsGesture.Android\XamarinFormsGesture.Android.csproj", "{8BA9B170-4E53-4A78-A312-BA8EA00A3E7F}"
EndProject
Project("{FAE04EC0-301F-11D3-BF4B-00C04F79EFBC}") = "XamarinFormsGesture.iOS", "XamarinFormsGesture\XamarinFormsGesture.iOS\XamarinFormsGesture.iOS.csproj", "{A4863B76-3E80-4C83-BECE-A45340BA361F}"
EndProject
Project("{FAE04EC0-301F-11D3-BF4B-00C04F79EFBC}") = "XamarinFormsGesture", "XamarinFormsGesture\XamarinFormsGesture\XamarinFormsGesture.csproj", "{4B02C37C-E224-4BC9-B0D8-535747D493F5}"
EndProject
Global
	GlobalSection(SolutionConfigurationPlatforms) = preSolution
		Debug|Any CPU = Debug|Any CPU
		Debug|ARM = Debug|ARM
		Debug|iPhone = Debug|iPhone
		Debug|iPhoneSimulator = Debug|iPhoneSimulator
		Debug|x64 = Debug|x64
		Debug|x86 = Debug|x86
		Release|Any CPU = Release|Any CPU
		Release|ARM = Release|ARM
		Release|iPhone = Release|iPhone
		Release|iPhoneSimulator = Release|iPhoneSimulator
		Release|x64 = Release|x64
		Release|x86 = Release|x86
	EndGlobalSection
	GlobalSection(ProjectConfigurationPlatforms) = postSolution
		{10A7A26B-2E53-4483-B0FD-D4C5933C514D}.Debug|Any CPU.ActiveCfg = Debug|x86
		{10A7A26B-2E53-4483-B0FD-D4C5933C514D}.Debug|Any CPU.Build.0 = Debug|x86
		{10A7A26B-2E53-4483-B0FD-D4C5933C514D}.Debug|Any CPU.Deploy.0 = Debug|x86
		{10A7A26B-2E53-4483-B0FD-D4C5933C514D}.Debug|ARM.ActiveCfg = Debug|ARM
		{10A7A26B-2E53-4483-B0FD-D4C5933C514D}.Debug|ARM.Build.0 = Debug|ARM
		{10A7A26B-2E53-4483-B0FD-D4C5933C514D}.Debug|ARM.Deploy.0 = Debug|ARM
		{10A7A26B-2E53-4483-B0FD-D4C5933C514D}.Debug|iPhone.ActiveCfg = Debug|x86
		{10A7A26B-2E53-4483-B0FD-D4C5933C514D}.Debug|iPhone.Build.0 = Debug|x86
		{10A7A26B-2E53-4483-B0FD-D4C5933C514D}.Debug|iPhone.Deploy.0 = Debug|x86
		{10A7A26B-2E53-4483-B0FD-D4C5933C514D}.Debug|iPhoneSimulator.ActiveCfg = Debug|x86
		{10A7A26B-2E53-4483-B0FD-D4C5933C514D}.Debug|iPhoneSimulator.Build.0 = Debug|x86
		{10A7A26B-2E53-4483-B0FD-D4C5933C514D}.Debug|iPhoneSimulator.Deploy.0 = Debug|x86
		{10A7A26B-2E53-4483-B0FD-D4C5933C514D}.Debug|x64.ActiveCfg = Debug|x64
		{10A7A26B-2E53-4483-B0FD-D4C5933C514D}.Debug|x64.Build.0 = Debug|x64
		{10A7A26B-2E53-4483-B0FD-D4C5933C514D}.Debug|x64.Deploy.0 = Debug|x64
		{10A7A26B-2E53-4483-B0FD-D4C5933C514D}.Debug|x86.ActiveCfg = Debug|x86
		{10A7A26B-2E53-4483-B0FD-D4C5933C514D}.Debug|x86.Build.0 = Debug|x86
		{10A7A26B-2E53-4483-B0FD-D4C5933C514D}.Debug|x86.Deploy.0 = Debug|x86
		{10A7A26B-2E53-4483-B0FD-D4C5933C514D}.Release|Any CPU.ActiveCfg = Release|x86
		{10A7A26B-2E53-4483-B0FD-D4C5933C514D}.Release|Any CPU.Build.0 = Release|x86
		{10A7A26B-2E53-4483-B0FD-D4C5933C514D}.Release|Any CPU.Deploy.0 = Release|x86
		{10A7A26B-2E53-4483-B0FD-D4C5933C514D}.Release|ARM.ActiveCfg = Release|ARM
		{10A7A26B-2E53-4483-B0FD-D4C5933C514D}.Release|ARM.Build.0 = Release|ARM
		{10A7A26B-2E53-4483-B0FD-D4C5933C514D}.Release|ARM.Deploy.0 = Release|ARM
		{10A7A26B-2E53-4483-B0FD-D4C5933C514D}.Release|iPhone.ActiveCfg = Release|x86
		{10A7A26B-2E53-4483-B0FD-D4C5933C514D}.Release|iPhone.Build.0 = Release|x86
		{10A7A26B-2E53-4483-B0FD-D4C5933C514D}.Release|iPhone.Deploy.0 = Release|x86
		{10A7A26B-2E53-4483-B0FD-D4C5933C514D}.Release|iPhoneSimulator.ActiveCfg = Release|x86
		{10A7A26B-2E53-4483-B0FD-D4C5933C514D}.Release|iPhoneSimulator.Build.0 = Release|x86
		{10A7A26B-2E53-4483-B0FD-D4C5933C514D}.Release|iPhoneSimulator.Deploy.0 = Release|x86
		{10A7A26B-2E53-4483-B0FD-D4C5933C514D}.Release|x64.ActiveCfg = Release|x64
		{10A7A26B-2E53-4483-B0FD-D4C5933C514D}.Release|x64.Build.0 = Release|x64
		{10A7A26B-2E53-4483-B0FD-D4C5933C514D}.Release|x64.Deploy.0 = Release|x64
		{10A7A26B-2E53-4483-B0FD-D4C5933C514D}.Release|x86.ActiveCfg = Release|x86
		{10A7A26B-2E53-4483-B0FD-D4C5933C514D}.Release|x86.Build.0 = Release|x86
		{10A7A26B-2E53-4483-B0FD-D4C5933C514D}.Release|x86.Deploy.0 = Release|x86
		{8BA9B170-4E53-4A78-A312-BA8EA00A3E7F}.Debug|Any CPU.ActiveCfg = Debug|Any CPU
		{8BA9B170-4E53-4A78-A312-BA8EA00A3E7F}.Debug|Any CPU.Build.0 = Debug|Any CPU
		{8BA9B170-4E53-4A78-A312-BA8EA00A3E7F}.Debug|Any CPU.Deploy.0 = Debug|Any CPU
		{8BA9B170-4E53-4A78-A312-BA8EA00A3E7F}.Debug|ARM.ActiveCfg = Debug|Any CPU
		{8BA9B170-4E53-4A78-A312-BA8EA00A3E7F}.Debug|ARM.Build.0 = Debug|Any CPU
		{8BA9B170-4E53-4A78-A312-BA8EA00A3E7F}.Debug|ARM.Deploy.0 = Debug|Any CPU
		{8BA9B170-4E53-4A78-A312-BA8EA00A3E7F}.Debug|iPhone.ActiveCfg = Debug|Any CPU
		{8BA9B170-4E53-4A78-A312-BA8EA00A3E7F}.Debug|iPhone.Build.0 = Debug|Any CPU
		{8BA9B170-4E53-4A78-A312-BA8EA00A3E7F}.Debug|iPhone.Deploy.0 = Debug|Any CPU
		{8BA9B170-4E53-4A78-A312-BA8EA00A3E7F}.Debug|iPhoneSimulator.ActiveCfg = Debug|Any CPU
		{8BA9B170-4E53-4A78-A312-BA8EA00A3E7F}.Debug|iPhoneSimulator.Build.0 = Debug|Any CPU
		{8BA9B170-4E53-4A78-A312-BA8EA00A3E7F}.Debug|iPhoneSimulator.Deploy.0 = Debug|Any CPU
		{8BA9B170-4E53-4A78-A312-BA8EA00A3E7F}.Debug|x64.ActiveCfg = Debug|Any CPU
		{8BA9B170-4E53-4A78-A312-BA8EA00A3E7F}.Debug|x64.Build.0 = Debug|Any CPU
		{8BA9B170-4E53-4A78-A312-BA8EA00A3E7F}.Debug|x64.Deploy.0 = Debug|Any CPU
		{8BA9B170-4E53-4A78-A312-BA8EA00A3E7F}.Debug|x86.ActiveCfg = Debug|Any CPU
		{8BA9B170-4E53-4A78-A312-BA8EA00A3E7F}.Debug|x86.Build.0 = Debug|Any CPU
		{8BA9B170-4E53-4A78-A312-BA8EA00A3E7F}.Debug|x86.Deploy.0 = Debug|Any CPU
		{8BA9B170-4E53-4A78-A312-BA8EA00A3E7F}.Release|Any CPU.ActiveCfg = Release|Any CPU
		{8BA9B170-4E53-4A78-A312-BA8EA00A3E7F}.Release|Any CPU.Build.0 = Release|Any CPU
		{8BA9B170-4E53-4A78-A312-BA8EA00A3E7F}.Release|Any CPU.Deploy.0 = Release|Any CPU
		{8BA9B170-4E53-4A78-A312-BA8EA00A3E7F}.Release|ARM.ActiveCfg = Release|Any CPU
		{8BA9B170-4E53-4A78-A312-BA8EA00A3E7F}.Release|ARM.Build.0 = Release|Any CPU
		{8BA9B170-4E53-4A78-A312-BA8EA00A3E7F}.Release|ARM.Deploy.0 = Release|Any CPU
		{8BA9B170-4E53-4A78-A312-BA8EA00A3E7F}.Release|iPhone.ActiveCfg = Release|Any CPU
		{8BA9B170-4E53-4A78-A312-BA8EA00A3E7F}.Release|iPhone.Build.0 = Release|Any CPU
		{8BA9B170-4E53-4A78-A312-BA8EA00A3E7F}.Release|iPhone.Deploy.0 = Release|Any CPU
		{8BA9B170-4E53-4A78-A312-BA8EA00A3E7F}.Release|iPhoneSimulator.ActiveCfg = Release|Any CPU
		{8BA9B170-4E53-4A78-A312-BA8EA00A3E7F}.Release|iPhoneSimulator.Build.0 = Release|Any CPU
		{8BA9B170-4E53-4A78-A312-BA8EA00A3E7F}.Release|iPhoneSimulator.Deploy.0 = Release|Any CPU
		{8BA9B170-4E53-4A78-A312-BA8EA00A3E7F}.Release|x64.ActiveCfg = Release|Any CPU
		{8BA9B170-4E53-4A78-A312-BA8EA00A3E7F}.Release|x64.Build.0 = Release|Any CPU
		{8BA9B170-4E53-4A78-A312-BA8EA00A3E7F}.Release|x64.Deploy.0 = Release|Any CPU
		{8BA9B170-4E53-4A78-A312-BA8EA00A3E7F}.Release|x86.ActiveCfg = Release|Any CPU
		{8BA9B170-4E53-4A78-A312-BA8EA00A3E7F}.Release|x86.Build.0 = Release|Any CPU
		{8BA9B170-4E53-4A78-A312-BA8EA00A3E7F}.Release|x86.Deploy.0 = Release|Any CPU
		{A4863B76-3E80-4C83-BECE-A45340BA361F}.Debug|Any CPU.ActiveCfg = Debug|iPhone
		{A4863B76-3E80-4C83-BECE-A45340BA361F}.Debug|Any CPU.Build.0 = Debug|iPhone
		{A4863B76-3E80-4C83-BECE-A45340BA361F}.Debug|Any CPU.Deploy.0 = Debug|iPhone
		{A4863B76-3E80-4C83-BECE-A45340BA361F}.Debug|ARM.ActiveCfg = Debug|iPhoneSimulator
		{A4863B76-3E80-4C83-BECE-A45340BA361F}.Debug|ARM.Build.0 = Debug|iPhoneSimulator
		{A4863B76-3E80-4C83-BECE-A45340BA361F}.Debug|ARM.Deploy.0 = Debug|iPhoneSimulator
		{A4863B76-3E80-4C83-BECE-A45340BA361F}.Debug|iPhone.ActiveCfg = Debug|iPhone
		{A4863B76-3E80-4C83-BECE-A45340BA361F}.Debug|iPhone.Build.0 = Debug|iPhone
		{A4863B76-3E80-4C83-BECE-A45340BA361F}.Debug|iPhone.Deploy.0 = Debug|iPhone
		{A4863B76-3E80-4C83-BECE-A45340BA361F}.Debug|iPhoneSimulator.ActiveCfg = Debug|iPhoneSimulator
		{A4863B76-3E80-4C83-BECE-A45340BA361F}.Debug|iPhoneSimulator.Build.0 = Debug|iPhoneSimulator
		{A4863B76-3E80-4C83-BECE-A45340BA361F}.Debug|iPhoneSimulator.Deploy.0 = Debug|iPhoneSimulator
		{A4863B76-3E80-4C83-BECE-A45340BA361F}.Debug|x64.ActiveCfg = Debug|iPhone
		{A4863B76-3E80-4C83-BECE-A45340BA361F}.Debug|x64.Build.0 = Debug|iPhone
		{A4863B76-3E80-4C83-BECE-A45340BA361F}.Debug|x64.Deploy.0 = Debug|iPhone
		{A4863B76-3E80-4C83-BECE-A45340BA361F}.Debug|x86.ActiveCfg = Debug|iPhone
		{A4863B76-3E80-4C83-BECE-A45340BA361F}.Debug|x86.Build.0 = Debug|iPhone
		{A4863B76-3E80-4C83-BECE-A45340BA361F}.Debug|x86.Deploy.0 = Debug|iPhone
		{A4863B76-3E80-4C83-BECE-A45340BA361F}.Release|Any CPU.ActiveCfg = Release|iPhone
		{A4863B76-3E80-4C83-BECE-A45340BA361F}.Release|Any CPU.Build.0 = Release|iPhone
		{A4863B76-3E80-4C83-BECE-A45340BA361F}.Release|Any CPU.Deploy.0 = Release|iPhone
		{A4863B76-3E80-4C83-BECE-A45340BA361F}.Release|ARM.ActiveCfg = Release|iPhone
		{A4863B76-3E80-4C83-BECE-A45340BA361F}.Release|ARM.Build.0 = Release|iPhone
		{A4863B76-3E80-4C83-BECE-A45340BA361F}.Release|ARM.Deploy.0 = Release|iPhone
		{A4863B76-3E80-4C83-BECE-A45340BA361F}.Release|iPhone.ActiveCfg = Release|iPhone
		{A4863B76-3E80-4C83-BECE-A45340BA361F}.Release|iPhone.Build.0 = Release|iPhone
		{A4863B76-3E80-4C83-BECE-A45340BA361F}.Release|iPhone.Deploy.0 = Release|iPhone
		{A4863B76-3E80-4C83-BECE-A45340BA361F}.Release|iPhoneSimulator.ActiveCfg = Release|iPhoneSimulator
		{A4863B76-3E80-4C83-BECE-A45340BA361F}.Release|iPhoneSimulator.Build.0 = Release|iPhoneSimulator
		{A4863B76-3E80-4C83-BECE-A45340BA361F}.Release|iPhoneSimulator.Deploy.0 = Release|iPhoneSimulator
		{A4863B76-3E80-4C83-BECE-A45340BA361F}.Release|x64.ActiveCfg = Release|iPhone
		{A4863B76-3E80-4C83-BECE-A45340BA361F}.Release|x64.Build.0 = Release|iPhone
		{A4863B76-3E80-4C83-BECE-A45340BA361F}.Release|x64.Deploy.0 = Release|iPhone
		{A4863B76-3E80-4C83-BECE-A45340BA361F}.Release|x86.ActiveCfg = Release|iPhone
		{A4863B76-3E80-4C83-BECE-A45340BA361F}.Release|x86.Build.0 = Release|iPhone
		{A4863B76-3E80-4C83-BECE-A45340BA361F}.Release|x86.Deploy.0 = Release|iPhone
		{4B02C37C-E224-4BC9-B0D8-535747D493F5}.Debug|Any CPU.ActiveCfg = Debug|Any CPU
		{4B02C37C-E224-4BC9-B0D8-535747D493F5}.Debug|Any CPU.Build.0 = Debug|Any CPU
		{4B02C37C-E224-4BC9-B0D8-535747D493F5}.Debug|Any CPU.Deploy.0 = Debug|Any CPU
		{4B02C37C-E224-4BC9-B0D8-535747D493F5}.Debug|ARM.ActiveCfg = Debug|Any CPU
		{4B02C37C-E224-4BC9-B0D8-535747D493F5}.Debug|ARM.Build.0 = Debug|Any CPU
		{4B02C37C-E224-4BC9-B0D8-535747D493F5}.Debug|ARM.Deploy.0 = Debug|Any CPU
		{4B02C37C-E224-4BC9-B0D8-535747D493F5}.Debug|iPhone.ActiveCfg = Debug|Any CPU
		{4B02C37C-E224-4BC9-B0D8-535747D493F5}.Debug|iPhone.Build.0 = Debug|Any CPU
		{4B02C37C-E224-4BC9-B0D8-535747D493F5}.Debug|iPhone.Deploy.0 = Debug|Any CPU
		{4B02C37C-E224-4BC9-B0D8-535747D493F5}.Debug|iPhoneSimulator.ActiveCfg = Debug|Any CPU
		{4B02C37C-E224-4BC9-B0D8-535747D493F5}.Debug|iPhoneSimulator.Build.0 = Debug|Any CPU
		{4B02C37C-E224-4BC9-B0D8-535747D493F5}.Debug|iPhoneSimulator.Deploy.0 = Debug|Any CPU
		{4B02C37C-E224-4BC9-B0D8-535747D493F5}.Debug|x64.ActiveCfg = Debug|Any CPU
		{4B02C37C-E224-4BC9-B0D8-535747D493F5}.Debug|x64.Build.0 = Debug|Any CPU
		{4B02C37C-E224-4BC9-B0D8-535747D493F5}.Debug|x64.Deploy.0 = Debug|Any CPU
		{4B02C37C-E224-4BC9-B0D8-535747D493F5}.Debug|x86.ActiveCfg = Debug|Any CPU
		{4B02C37C-E224-4BC9-B0D8-535747D493F5}.Debug|x86.Build.0 = Debug|Any CPU
		{4B02C37C-E224-4BC9-B0D8-535747D493F5}.Debug|x86.Deploy.0 = Debug|Any CPU
		{4B02C37C-E224-4BC9-B0D8-535747D493F5}.Release|Any CPU.ActiveCfg = Release|Any CPU
		{4B02C37C-E224-4BC9-B0D8-535747D493F5}.Release|Any CPU.Build.0 = Release|Any CPU
		{4B02C37C-E224-4BC9-B0D8-535747D493F5}.Release|Any CPU.Deploy.0 = Release|Any CPU
		{4B02C37C-E224-4BC9-B0D8-535747D493F5}.Release|ARM.ActiveCfg = Release|Any CPU
		{4B02C37C-E224-4BC9-B0D8-535747D493F5}.Release|ARM.Build.0 = Release|Any CPU
		{4B02C37C-E224-4BC9-B0D8-535747D493F5}.Release|ARM.Deploy.0 = Release|Any CPU
		{4B02C37C-E224-4BC9-B0D8-535747D493F5}.Release|iPhone.ActiveCfg = Release|Any CPU
		{4B02C37C-E224-4BC9-B0D8-535747D493F5}.Release|iPhone.Build.0 = Release|Any CPU
		{4B02C37C-E224-4BC9-B0D8-535747D493F5}.Release|iPhone.Deploy.0 = Release|Any CPU
		{4B02C37C-E224-4BC9-B0D8-535747D493F5}.Release|iPhoneSimulator.ActiveCfg = Release|Any CPU
		{4B02C37C-E224-4BC9-B0D8-535747D493F5}.Release|iPhoneSimulator.Build.0 = Release|Any CPU
		{4B02C37C-E224-4BC9-B0D8-535747D493F5}.Release|iPhoneSimulator.Deploy.0 = Release|Any CPU
		{4B02C37C-E224-4BC9-B0D8-535747D493F5}.Release|x64.ActiveCfg = Release|Any CPU
		{4B02C37C-E224-4BC9-B0D8-535747D493F5}.Release|x64.Build.0 = Release|Any CPU
		{4B02C37C-E224-4BC9-B0D8-535747D493F5}.Release|x64.Deploy.0 = Release|Any CPU
		{4B02C37C-E224-4BC9-B0D8-535747D493F5}.Release|x86.ActiveCfg = Release|Any CPU
		{4B02C37C-E224-4BC9-B0D8-535747D493F5}.Release|x86.Build.0 = Release|Any CPU
		{4B02C37C-E224-4BC9-B0D8-535747D493F5}.Release|x86.Deploy.0 = Release|Any CPU
	EndGlobalSection
	GlobalSection(SolutionProperties) = preSolution
		HideSolutionNode = FALSE
	EndGlobalSection
	GlobalSection(ExtensibilityGlobals) = postSolution
		SolutionGuid = {A2B7461C-53B8-48F8-A052-231F927D466F}
	EndGlobalSection
EndGlobal
